PODS:
  - Caishen (2.2.1)
  - CardIO (5.3.2)

DEPENDENCIES:
  - Caishen (from `../`)
  - CardIO

SPEC REPOS:
  trunk:
    - CardIO

EXTERNAL SOURCES:
  Caishen:
    :path: "../"

SPEC CHECKSUMS:
  Caishen: 05b37a50da90f6ff6e9c652c0d468dddbe19e04c
  CardIO: 92c45caef0d986c4a303a7afba0c9b76ff2b1f6e

PODFILE CHECKSUM: 4bc31576a2673cf7e3bd2d2d268098b7b6a2967e

COCOAPODS: 1.10.1
